// !$*UTF8*$!
{
	archiveVersion = 1;
	classes = {
	};
	objectVersion = 50;
	objects = {

/* Begin PBXBuildFile section */
		8B20007826F48C72003CEA9C /* ArticlesVC.swift in Sources */ = {isa = PBXBuildFile; fileRef = 8B20007626F48C72003CEA9C /* ArticlesVC.swift */; };
		8B20007926F48C72003CEA9C /* ArticlesVC.xib in Resources */ = {isa = PBXBuildFile; fileRef = 8B20007726F48C72003CEA9C /* ArticlesVC.xib */; };
		8B20007B26F4937D003CEA9C /* ViewedPresenter.swift in Sources */ = {isa = PBXBuildFile; fileRef = 8B20007A26F4937D003CEA9C /* ViewedPresenter.swift */; };
		8B90EE2726F23B6C00299E7F /* String+Extension.swift in Sources */ = {isa = PBXBuildFile; fileRef = 8B90EE2626F23B6C00299E7F /* String+Extension.swift */; };
		8B90EE3326F3835B00299E7F /* HomeViewController.swift in Sources */ = {isa = PBXBuildFile; fileRef = 8B90EE3126F3835B00299E7F /* HomeViewController.swift */; };
		8B90EE3426F3835B00299E7F /* HomeViewController.xib in Resources */ = {isa = PBXBuildFile; fileRef = 8B90EE3226F3835B00299E7F /* HomeViewController.xib */; };
		8B90EE4726F38D5F00299E7F /* FavoritesViewController.swift in Sources */ = {isa = PBXBuildFile; fileRef = 8B90EE4526F38D5F00299E7F /* FavoritesViewController.swift */; };
		8B90EE4826F38D5F00299E7F /* FavoritesViewController.xib in Resources */ = {isa = PBXBuildFile; fileRef = 8B90EE4626F38D5F00299E7F /* FavoritesViewController.xib */; };
		8B90EE4B26F38D7F00299E7F /* ViewedViewController.swift in Sources */ = {isa = PBXBuildFile; fileRef = 8B90EE4926F38D7F00299E7F /* ViewedViewController.swift */; };
		8B90EE4C26F38D7F00299E7F /* ViewedViewController.xib in Resources */ = {isa = PBXBuildFile; fileRef = 8B90EE4A26F38D7F00299E7F /* ViewedViewController.xib */; };
		8B90EE4F26F38DA500299E7F /* EmailViewController.swift in Sources */ = {isa = PBXBuildFile; fileRef = 8B90EE4D26F38DA500299E7F /* EmailViewController.swift */; };
		8B90EE5026F38DA500299E7F /* EmailViewController.xib in Resources */ = {isa = PBXBuildFile; fileRef = 8B90EE4E26F38DA500299E7F /* EmailViewController.xib */; };
		8B90EE5326F38DC800299E7F /* TabBarViewController.swift in Sources */ = {isa = PBXBuildFile; fileRef = 8B90EE5126F38DC800299E7F /* TabBarViewController.swift */; };
		BA70F8985B6886B3CB63310A /* libPods-test.a in Frameworks */ = {isa = PBXBuildFile; fileRef = E88115595DD29F41B4C389B7 /* libPods-test.a */; };
		D13461C126D820BC00BED9D4 /* AppDelegate.swift in Sources */ = {isa = PBXBuildFile; fileRef = D13461C026D820BC00BED9D4 /* AppDelegate.swift */; };
		D13461C326D820BC00BED9D4 /* SceneDelegate.swift in Sources */ = {isa = PBXBuildFile; fileRef = D13461C226D820BC00BED9D4 /* SceneDelegate.swift */; };
		D13461CB26D820BC00BED9D4 /* test.xcdatamodeld in Sources */ = {isa = PBXBuildFile; fileRef = D13461C926D820BC00BED9D4 /* test.xcdatamodeld */; };
		D13461CD26D820C100BED9D4 /* Assets.xcassets in Resources */ = {isa = PBXBuildFile; fileRef = D13461CC26D820C100BED9D4 /* Assets.xcassets */; };
		D13461D026D820C100BED9D4 /* LaunchScreen.storyboard in Resources */ = {isa = PBXBuildFile; fileRef = D13461CE26D820C100BED9D4 /* LaunchScreen.storyboard */; };
		D13461D826D8221900BED9D4 /* APIRouter.swift in Sources */ = {isa = PBXBuildFile; fileRef = D13461D726D8221900BED9D4 /* APIRouter.swift */; };
		D164050726D826D50097CA87 /* Articles.swift in Sources */ = {isa = PBXBuildFile; fileRef = D164050626D826D50097CA87 /* Articles.swift */; };
		D1D0546F26E695D300E24BAF /* Extenssion+CoreData.swift in Sources */ = {isa = PBXBuildFile; fileRef = D1D0546E26E695D300E24BAF /* Extenssion+CoreData.swift */; };
		D1FE5EFE26DD748E00EF47E6 /* ArticlTableViewCell.swift in Sources */ = {isa = PBXBuildFile; fileRef = D1FE5EFC26DD748E00EF47E6 /* ArticlTableViewCell.swift */; };
		D1FE5EFF26DD748E00EF47E6 /* ArticlTableViewCell.xib in Resources */ = {isa = PBXBuildFile; fileRef = D1FE5EFD26DD748E00EF47E6 /* ArticlTableViewCell.xib */; };
/* End PBXBuildFile section */

/* Begin PBXFileReference section */
		5600FE275FFE4488E3B1E57B /* Pods-test.debug.xcconfig */ = {isa = PBXFileReference; includeInIndex = 1; lastKnownFileType = text.xcconfig; name = "Pods-test.debug.xcconfig"; path = "Target Support Files/Pods-test/Pods-test.debug.xcconfig"; sourceTree = "<group>"; };
		8B20007626F48C72003CEA9C /* ArticlesVC.swift */ = {isa = PBXFileReference; lastKnownFileType = sourcecode.swift; path = ArticlesVC.swift; sourceTree = "<group>"; };
		8B20007726F48C72003CEA9C /* ArticlesVC.xib */ = {isa = PBXFileReference; lastKnownFileType = file.xib; path = ArticlesVC.xib; sourceTree = "<group>"; };
		8B20007A26F4937D003CEA9C /* ViewedPresenter.swift */ = {isa = PBXFileReference; lastKnownFileType = sourcecode.swift; path = ViewedPresenter.swift; sourceTree = "<group>"; };
		8B90EE2626F23B6C00299E7F /* String+Extension.swift */ = {isa = PBXFileReference; lastKnownFileType = sourcecode.swift; path = "String+Extension.swift"; sourceTree = "<group>"; };
		8B90EE3126F3835B00299E7F /* HomeViewController.swift */ = {isa = PBXFileReference; lastKnownFileType = sourcecode.swift; path = HomeViewController.swift; sourceTree = "<group>"; };
		8B90EE3226F3835B00299E7F /* HomeViewController.xib */ = {isa = PBXFileReference; lastKnownFileType = file.xib; path = HomeViewController.xib; sourceTree = "<group>"; };
		8B90EE4526F38D5F00299E7F /* FavoritesViewController.swift */ = {isa = PBXFileReference; lastKnownFileType = sourcecode.swift; path = FavoritesViewController.swift; sourceTree = "<group>"; };
		8B90EE4626F38D5F00299E7F /* FavoritesViewController.xib */ = {isa = PBXFileReference; lastKnownFileType = file.xib; path = FavoritesViewController.xib; sourceTree = "<group>"; };
		8B90EE4926F38D7F00299E7F /* ViewedViewController.swift */ = {isa = PBXFileReference; lastKnownFileType = sourcecode.swift; path = ViewedViewController.swift; sourceTree = "<group>"; };
		8B90EE4A26F38D7F00299E7F /* ViewedViewController.xib */ = {isa = PBXFileReference; lastKnownFileType = file.xib; path = ViewedViewController.xib; sourceTree = "<group>"; };
		8B90EE4D26F38DA500299E7F /* EmailViewController.swift */ = {isa = PBXFileReference; lastKnownFileType = sourcecode.swift; path = EmailViewController.swift; sourceTree = "<group>"; };
		8B90EE4E26F38DA500299E7F /* EmailViewController.xib */ = {isa = PBXFileReference; lastKnownFileType = file.xib; path = EmailViewController.xib; sourceTree = "<group>"; };
		8B90EE5126F38DC800299E7F /* TabBarViewController.swift */ = {isa = PBXFileReference; lastKnownFileType = sourcecode.swift; path = TabBarViewController.swift; sourceTree = "<group>"; };
		9FE87575BD41C7D21897DD91 /* Pods-test.release.xcconfig */ = {isa = PBXFileReference; includeInIndex = 1; lastKnownFileType = text.xcconfig; name = "Pods-test.release.xcconfig"; path = "Target Support Files/Pods-test/Pods-test.release.xcconfig"; sourceTree = "<group>"; };
		D13461BD26D820BC00BED9D4 /* test.app */ = {isa = PBXFileReference; explicitFileType = wrapper.application; includeInIndex = 0; path = test.app; sourceTree = BUILT_PRODUCTS_DIR; };
		D13461C026D820BC00BED9D4 /* AppDelegate.swift */ = {isa = PBXFileReference; lastKnownFileType = sourcecode.swift; path = AppDelegate.swift; sourceTree = "<group>"; };
		D13461C226D820BC00BED9D4 /* SceneDelegate.swift */ = {isa = PBXFileReference; lastKnownFileType = sourcecode.swift; path = SceneDelegate.swift; sourceTree = "<group>"; };
		D13461CA26D820BC00BED9D4 /* test.xcdatamodel */ = {isa = PBXFileReference; lastKnownFileType = wrapper.xcdatamodel; path = test.xcdatamodel; sourceTree = "<group>"; };
		D13461CC26D820C100BED9D4 /* Assets.xcassets */ = {isa = PBXFileReference; lastKnownFileType = folder.assetcatalog; path = Assets.xcassets; sourceTree = "<group>"; };
		D13461CF26D820C100BED9D4 /* Base */ = {isa = PBXFileReference; lastKnownFileType = file.storyboard; name = Base; path = Base.lproj/LaunchScreen.storyboard; sourceTree = "<group>"; };
		D13461D126D820C100BED9D4 /* Info.plist */ = {isa = PBXFileReference; lastKnownFileType = text.plist.xml; path = Info.plist; sourceTree = "<group>"; };
		D13461D726D8221900BED9D4 /* APIRouter.swift */ = {isa = PBXFileReference; lastKnownFileType = sourcecode.swift; path = APIRouter.swift; sourceTree = "<group>"; };
		D164050626D826D50097CA87 /* Articles.swift */ = {isa = PBXFileReference; lastKnownFileType = sourcecode.swift; path = Articles.swift; sourceTree = "<group>"; };
		D1D0546E26E695D300E24BAF /* Extenssion+CoreData.swift */ = {isa = PBXFileReference; lastKnownFileType = sourcecode.swift; path = "Extenssion+CoreData.swift"; sourceTree = "<group>"; };
		D1FE5EFC26DD748E00EF47E6 /* ArticlTableViewCell.swift */ = {isa = PBXFileReference; lastKnownFileType = sourcecode.swift; path = ArticlTableViewCell.swift; sourceTree = "<group>"; };
		D1FE5EFD26DD748E00EF47E6 /* ArticlTableViewCell.xib */ = {isa = PBXFileReference; lastKnownFileType = file.xib; path = ArticlTableViewCell.xib; sourceTree = "<group>"; };
		E88115595DD29F41B4C389B7 /* libPods-test.a */ = {isa = PBXFileReference; explicitFileType = archive.ar; includeInIndex = 0; path = "libPods-test.a"; sourceTree = BUILT_PRODUCTS_DIR; };
/* End PBXFileReference section */

/* Begin PBXFrameworksBuildPhase section */
		D13461BA26D820BC00BED9D4 /* Frameworks */ = {
			isa = PBXFrameworksBuildPhase;
			buildActionMask = 2147483647;
			files = (
				BA70F8985B6886B3CB63310A /* libPods-test.a in Frameworks */,
			);
			runOnlyForDeploymentPostprocessing = 0;
		};
/* End PBXFrameworksBuildPhase section */

/* Begin PBXGroup section */
		8B90EE0626F0D83C00299E7F /* Resourse */ = {
			isa = PBXGroup;
			children = (
				D13461C026D820BC00BED9D4 /* AppDelegate.swift */,
				D13461C226D820BC00BED9D4 /* SceneDelegate.swift */,
				D13461CE26D820C100BED9D4 /* LaunchScreen.storyboard */,
				D13461CC26D820C100BED9D4 /* Assets.xcassets */,
			);
			path = Resourse;
			sourceTree = "<group>";
		};
		8B90EE0B26F0DB4400299E7F /* CoreData */ = {
			isa = PBXGroup;
			children = (
				D1D0546E26E695D300E24BAF /* Extenssion+CoreData.swift */,
				D13461C926D820BC00BED9D4 /* test.xcdatamodeld */,
			);
			path = CoreData;
			sourceTree = "<group>";
		};
		8B90EE0C26F0DB6700299E7F /* Cell */ = {
			isa = PBXGroup;
			children = (
				D164050626D826D50097CA87 /* Articles.swift */,
				D1FE5EFD26DD748E00EF47E6 /* ArticlTableViewCell.xib */,
				D1FE5EFC26DD748E00EF47E6 /* ArticlTableViewCell.swift */,
			);
			path = Cell;
			sourceTree = "<group>";
		};
		8B90EE1026F0DBE000299E7F /* API */ = {
			isa = PBXGroup;
			children = (
				D13461D726D8221900BED9D4 /* APIRouter.swift */,
			);
			path = API;
			sourceTree = "<group>";
		};
		8B90EE2526F23B5200299E7F /* Extensions */ = {
			isa = PBXGroup;
			children = (
				8B90EE2626F23B6C00299E7F /* String+Extension.swift */,
			);
			path = Extensions;
			sourceTree = "<group>";
		};
		8B90EE2C26F3824300299E7F /* GUI */ = {
			isa = PBXGroup;
			children = (
				8B90EE2E26F3829500299E7F /* TabBarVC */,
				8B90EE2F26F382B900299E7F /* Main */,
			);
			path = GUI;
			sourceTree = "<group>";
		};
		8B90EE2D26F3824E00299E7F /* HomeVC */ = {
			isa = PBXGroup;
			children = (
				8B90EE3126F3835B00299E7F /* HomeViewController.swift */,
				8B90EE3226F3835B00299E7F /* HomeViewController.xib */,
			);
			path = HomeVC;
			sourceTree = "<group>";
		};
		8B90EE2E26F3829500299E7F /* TabBarVC */ = {
			isa = PBXGroup;
			children = (
				8B90EE5126F38DC800299E7F /* TabBarViewController.swift */,
			);
			path = TabBarVC;
			sourceTree = "<group>";
		};
		8B90EE2F26F382B900299E7F /* Main */ = {
			isa = PBXGroup;
			children = (
				8B90EE3526F38A5600299E7F /* ViewedVC */,
				8B90EE3026F382CD00299E7F /* EmailVC */,
				8B90EE2D26F3824E00299E7F /* HomeVC */,
				8B90EE4026F38CE000299E7F /* FavoritesVC */,
				8B90EE0C26F0DB6700299E7F /* Cell */,
			);
			path = Main;
			sourceTree = "<group>";
		};
		8B90EE3026F382CD00299E7F /* EmailVC */ = {
			isa = PBXGroup;
			children = (
				8B90EE4D26F38DA500299E7F /* EmailViewController.swift */,
				8B90EE4E26F38DA500299E7F /* EmailViewController.xib */,
			);
			path = EmailVC;
			sourceTree = "<group>";
		};
		8B90EE3526F38A5600299E7F /* ViewedVC */ = {
			isa = PBXGroup;
			children = (
				8B90EE4926F38D7F00299E7F /* ViewedViewController.swift */,
				8B90EE4A26F38D7F00299E7F /* ViewedViewController.xib */,
				8B20007A26F4937D003CEA9C /* ViewedPresenter.swift */,
			);
			path = ViewedVC;
			sourceTree = "<group>";
		};
		8B90EE4026F38CE000299E7F /* FavoritesVC */ = {
			isa = PBXGroup;
			children = (
				8B90EE4526F38D5F00299E7F /* FavoritesViewController.swift */,
				8B90EE4626F38D5F00299E7F /* FavoritesViewController.xib */,
				8B20007626F48C72003CEA9C /* ArticlesVC.swift */,
				8B20007726F48C72003CEA9C /* ArticlesVC.xib */,
			);
			path = FavoritesVC;
			sourceTree = "<group>";
		};
		8EAAD882E6718C23EC21E9C0 /* Frameworks */ = {
			isa = PBXGroup;
			children = (
				E88115595DD29F41B4C389B7 /* libPods-test.a */,
			);
			name = Frameworks;
			sourceTree = "<group>";
		};
		A5A5E0F76719C24149F4B781 /* Pods */ = {
			isa = PBXGroup;
			children = (
				5600FE275FFE4488E3B1E57B /* Pods-test.debug.xcconfig */,
				9FE87575BD41C7D21897DD91 /* Pods-test.release.xcconfig */,
			);
			path = Pods;
			sourceTree = "<group>";
		};
		D13461B426D820BC00BED9D4 = {
			isa = PBXGroup;
			children = (
				D13461BF26D820BC00BED9D4 /* test */,
				D13461BE26D820BC00BED9D4 /* Products */,
				8B90EE1026F0DBE000299E7F /* API */,
				8B90EE0B26F0DB4400299E7F /* CoreData */,
				A5A5E0F76719C24149F4B781 /* Pods */,
				8EAAD882E6718C23EC21E9C0 /* Frameworks */,
			);
			sourceTree = "<group>";
		};
		D13461BE26D820BC00BED9D4 /* Products */ = {
			isa = PBXGroup;
			children = (
				D13461BD26D820BC00BED9D4 /* test.app */,
			);
			name = Products;
			sourceTree = "<group>";
		};
		D13461BF26D820BC00BED9D4 /* test */ = {
			isa = PBXGroup;
			children = (
				D13461D126D820C100BED9D4 /* Info.plist */,
				8B90EE2526F23B5200299E7F /* Extensions */,
				8B90EE0626F0D83C00299E7F /* Resourse */,
				8B90EE2C26F3824300299E7F /* GUI */,
			);
			path = test;
			sourceTree = "<group>";
		};
/* End PBXGroup section */

/* Begin PBXNativeTarget section */
		D13461BC26D820BC00BED9D4 /* test */ = {
			isa = PBXNativeTarget;
			buildConfigurationList = D13461D426D820C100BED9D4 /* Build configuration list for PBXNativeTarget "test" */;
			buildPhases = (
				9DEBC0B09CD19C43E85BC6C1 /* [CP] Check Pods Manifest.lock */,
				D13461B926D820BC00BED9D4 /* Sources */,
				D13461BA26D820BC00BED9D4 /* Frameworks */,
				D13461BB26D820BC00BED9D4 /* Resources */,
			);
			buildRules = (
			);
			dependencies = (
			);
			name = test;
			productName = test;
			productReference = D13461BD26D820BC00BED9D4 /* test.app */;
			productType = "com.apple.product-type.application";
		};
/* End PBXNativeTarget section */

/* Begin PBXProject section */
		D13461B526D820BC00BED9D4 /* Project object */ = {
			isa = PBXProject;
			attributes = {
				LastSwiftUpdateCheck = 1250;
				LastUpgradeCheck = 1250;
				TargetAttributes = {
					D13461BC26D820BC00BED9D4 = {
						CreatedOnToolsVersion = 12.5.1;
					};
				};
			};
			buildConfigurationList = D13461B826D820BC00BED9D4 /* Build configuration list for PBXProject "test" */;
			compatibilityVersion = "Xcode 9.3";
			developmentRegion = en;
			hasScannedForEncodings = 0;
			knownRegions = (
				en,
				Base,
			);
			mainGroup = D13461B426D820BC00BED9D4;
			productRefGroup = D13461BE26D820BC00BED9D4 /* Products */;
			projectDirPath = "";
			projectRoot = "";
			targets = (
				D13461BC26D820BC00BED9D4 /* test */,
			);
		};
/* End PBXProject section */

/* Begin PBXResourcesBuildPhase section */
		D13461BB26D820BC00BED9D4 /* Resources */ = {
			isa = PBXResourcesBuildPhase;
			buildActionMask = 2147483647;
			files = (
				D13461D026D820C100BED9D4 /* LaunchScreen.storyboard in Resources */,
				D13461CD26D820C100BED9D4 /* Assets.xcassets in Resources */,
				8B90EE3426F3835B00299E7F /* HomeViewController.xib in Resources */,
				D1FE5EFF26DD748E00EF47E6 /* ArticlTableViewCell.xib in Resources */,
				8B20007926F48C72003CEA9C /* ArticlesVC.xib in Resources */,
				8B90EE4826F38D5F00299E7F /* FavoritesViewController.xib in Resources */,
				8B90EE4C26F38D7F00299E7F /* ViewedViewController.xib in Resources */,
				8B90EE5026F38DA500299E7F /* EmailViewController.xib in Resources */,
			);
			runOnlyForDeploymentPostprocessing = 0;
		};
/* End PBXResourcesBuildPhase section */

/* Begin PBXShellScriptBuildPhase section */
		9DEBC0B09CD19C43E85BC6C1 /* [CP] Check Pods Manifest.lock */ = {
			isa = PBXShellScriptBuildPhase;
			buildActionMask = 2147483647;
			files = (
			);
			inputFileListPaths = (
			);
			inputPaths = (
				"${PODS_PODFILE_DIR_PATH}/Podfile.lock",
				"${PODS_ROOT}/Manifest.lock",
			);
			name = "[CP] Check Pods Manifest.lock";
			outputFileListPaths = (
			);
			outputPaths = (
				"$(DERIVED_FILE_DIR)/Pods-test-checkManifestLockResult.txt",
			);
			runOnlyForDeploymentPostprocessing = 0;
			shellPath = /bin/sh;
			shellScript = "diff \"${PODS_PODFILE_DIR_PATH}/Podfile.lock\" \"${PODS_ROOT}/Manifest.lock\" > /dev/null\nif [ $? != 0 ] ; then\n    # print error to STDERR\n    echo \"error: The sandbox is not in sync with the Podfile.lock. Run 'pod install' or update your CocoaPods installation.\" >&2\n    exit 1\nfi\n# This output is used by Xcode 'outputs' to avoid re-running this script phase.\necho \"SUCCESS\" > \"${SCRIPT_OUTPUT_FILE_0}\"\n";
			showEnvVarsInLog = 0;
		};
/* End PBXShellScriptBuildPhase section */

/* Begin PBXSourcesBuildPhase section */
		D13461B926D820BC00BED9D4 /* Sources */ = {
			isa = PBXSourcesBuildPhase;
			buildActionMask = 2147483647;
			files = (
				D13461D826D8221900BED9D4 /* APIRouter.swift in Sources */,
				D1D0546F26E695D300E24BAF /* Extenssion+CoreData.swift in Sources */,
				8B90EE5326F38DC800299E7F /* TabBarViewController.swift in Sources */,
				8B90EE4F26F38DA500299E7F /* EmailViewController.swift in Sources */,
				8B90EE2726F23B6C00299E7F /* String+Extension.swift in Sources */,
				8B20007B26F4937D003CEA9C /* ViewedPresenter.swift in Sources */,
				8B90EE3326F3835B00299E7F /* HomeViewController.swift in Sources */,
				D13461CB26D820BC00BED9D4 /* test.xcdatamodeld in Sources */,
				8B20007826F48C72003CEA9C /* ArticlesVC.swift in Sources */,
				8B90EE4B26F38D7F00299E7F /* ViewedViewController.swift in Sources */,
				D13461C126D820BC00BED9D4 /* AppDelegate.swift in Sources */,
				D164050726D826D50097CA87 /* Articles.swift in Sources */,
				D13461C326D820BC00BED9D4 /* SceneDelegate.swift in Sources */,
				8B90EE4726F38D5F00299E7F /* FavoritesViewController.swift in Sources */,
				D1FE5EFE26DD748E00EF47E6 /* ArticlTableViewCell.swift in Sources */,
			);
			runOnlyForDeploymentPostprocessing = 0;
		};
/* End PBXSourcesBuildPhase section */

/* Begin PBXVariantGroup section */
		D13461CE26D820C100BED9D4 /* LaunchScreen.storyboard */ = {
			isa = PBXVariantGroup;
			children = (
				D13461CF26D820C100BED9D4 /* Base */,
			);
			name = LaunchScreen.storyboard;
			sourceTree = "<group>";
		};
/* End PBXVariantGroup section */

/* Begin XCBuildConfiguration section */
		D13461D226D820C100BED9D4 /* Debug */ = {
			isa = XCBuildConfiguration;
			buildSettings = {
				ALWAYS_SEARCH_USER_PATHS = NO;
				CLANG_ANALYZER_NONNULL = YES;
				CLANG_ANALYZER_NUMBER_OBJECT_CONVERSION = YES_AGGRESSIVE;
				CLANG_CXX_LANGUAGE_STANDARD = "gnu++14";
				CLANG_CXX_LIBRARY = "libc++";
				CLANG_ENABLE_MODULES = YES;
				CLANG_ENABLE_OBJC_ARC = YES;
				CLANG_ENABLE_OBJC_WEAK = YES;
				CLANG_WARN_BLOCK_CAPTURE_AUTORELEASING = YES;
				CLANG_WARN_BOOL_CONVERSION = YES;
				CLANG_WARN_COMMA = YES;
				CLANG_WARN_CONSTANT_CONVERSION = YES;
				CLANG_WARN_DEPRECATED_OBJC_IMPLEMENTATIONS = YES;
				CLANG_WARN_DIRECT_OBJC_ISA_USAGE = YES_ERROR;
				CLANG_WARN_DOCUMENTATION_COMMENTS = YES;
				CLANG_WARN_EMPTY_BODY = YES;
				CLANG_WARN_ENUM_CONVERSION = YES;
				CLANG_WARN_INFINITE_RECURSION = YES;
				CLANG_WARN_INT_CONVERSION = YES;
				CLANG_WARN_NON_LITERAL_NULL_CONVERSION = YES;
				CLANG_WARN_OBJC_IMPLICIT_RETAIN_SELF = YES;
				CLANG_WARN_OBJC_LITERAL_CONVERSION = YES;
				CLANG_WARN_OBJC_ROOT_CLASS = YES_ERROR;
				CLANG_WARN_QUOTED_INCLUDE_IN_FRAMEWORK_HEADER = YES;
				CLANG_WARN_RANGE_LOOP_ANALYSIS = YES;
				CLANG_WARN_STRICT_PROTOTYPES = YES;
				CLANG_WARN_SUSPICIOUS_MOVE = YES;
				CLANG_WARN_UNGUARDED_AVAILABILITY = YES_AGGRESSIVE;
				CLANG_WARN_UNREACHABLE_CODE = YES;
				CLANG_WARN__DUPLICATE_METHOD_MATCH = YES;
				COPY_PHASE_STRIP = NO;
				DEBUG_INFORMATION_FORMAT = dwarf;
				ENABLE_STRICT_OBJC_MSGSEND = YES;
				ENABLE_TESTABILITY = YES;
				GCC_C_LANGUAGE_STANDARD = gnu11;
				GCC_DYNAMIC_NO_PIC = NO;
				GCC_NO_COMMON_BLOCKS = YES;
				GCC_OPTIMIZATION_LEVEL = 0;
				GCC_PREPROCESSOR_DEFINITIONS = (
					"DEBUG=1",
					"$(inherited)",
				);
				GCC_WARN_64_TO_32_BIT_CONVERSION = YES;
				GCC_WARN_ABOUT_RETURN_TYPE = YES_ERROR;
				GCC_WARN_UNDECLARED_SELECTOR = YES;
				GCC_WARN_UNINITIALIZED_AUTOS = YES_AGGRESSIVE;
				GCC_WARN_UNUSED_FUNCTION = YES;
				GCC_WARN_UNUSED_VARIABLE = YES;
				IPHONEOS_DEPLOYMENT_TARGET = 14.5;
				MTL_ENABLE_DEBUG_INFO = INCLUDE_SOURCE;
				MTL_FAST_MATH = YES;
				ONLY_ACTIVE_ARCH = YES;
				SDKROOT = iphoneos;
				SWIFT_ACTIVE_COMPILATION_CONDITIONS = DEBUG;
				SWIFT_OPTIMIZATION_LEVEL = "-Onone";
			};
			name = Debug;
		};
		D13461D326D820C100BED9D4 /* Release */ = {
			isa = XCBuildConfiguration;
			buildSettings = {
				ALWAYS_SEARCH_USER_PATHS = NO;
				CLANG_ANALYZER_NONNULL = YES;
				CLANG_ANALYZER_NUMBER_OBJECT_CONVERSION = YES_AGGRESSIVE;
				CLANG_CXX_LANGUAGE_STANDARD = "gnu++14";
				CLANG_CXX_LIBRARY = "libc++";
				CLANG_ENABLE_MODULES = YES;
				CLANG_ENABLE_OBJC_ARC = YES;
				CLANG_ENABLE_OBJC_WEAK = YES;
				CLANG_WARN_BLOCK_CAPTURE_AUTORELEASING = YES;
				CLANG_WARN_BOOL_CONVERSION = YES;
				CLANG_WARN_COMMA = YES;
				CLANG_WARN_CONSTANT_CONVERSION = YES;
				CLANG_WARN_DEPRECATED_OBJC_IMPLEMENTATIONS = YES;
				CLANG_WARN_DIRECT_OBJC_ISA_USAGE = YES_ERROR;
				CLANG_WARN_DOCUMENTATION_COMMENTS = YES;
				CLANG_WARN_EMPTY_BODY = YES;
				CLANG_WARN_ENUM_CONVERSION = YES;
				CLANG_WARN_INFINITE_RECURSION = YES;
				CLANG_WARN_INT_CONVERSION = YES;
				CLANG_WARN_NON_LITERAL_NULL_CONVERSION = YES;
				CLANG_WARN_OBJC_IMPLICIT_RETAIN_SELF = YES;
				CLANG_WARN_OBJC_LITERAL_CONVERSION = YES;
				CLANG_WARN_OBJC_ROOT_CLASS = YES_ERROR;
				CLANG_WARN_QUOTED_INCLUDE_IN_FRAMEWORK_HEADER = YES;
				CLANG_WARN_RANGE_LOOP_ANALYSIS = YES;
				CLANG_WARN_STRICT_PROTOTYPES = YES;
				CLANG_WARN_SUSPICIOUS_MOVE = YES;
				CLANG_WARN_UNGUARDED_AVAILABILITY = YES_AGGRESSIVE;
				CLANG_WARN_UNREACHABLE_CODE = YES;
				CLANG_WARN__DUPLICATE_METHOD_MATCH = YES;
				COPY_PHASE_STRIP = NO;
				DEBUG_INFORMATION_FORMAT = "dwarf-with-dsym";
				ENABLE_NS_ASSERTIONS = NO;
				ENABLE_STRICT_OBJC_MSGSEND = YES;
				GCC_C_LANGUAGE_STANDARD = gnu11;
				GCC_NO_COMMON_BLOCKS = YES;
				GCC_WARN_64_TO_32_BIT_CONVERSION = YES;
				GCC_WARN_ABOUT_RETURN_TYPE = YES_ERROR;
				GCC_WARN_UNDECLARED_SELECTOR = YES;
				GCC_WARN_UNINITIALIZED_AUTOS = YES_AGGRESSIVE;
				GCC_WARN_UNUSED_FUNCTION = YES;
				GCC_WARN_UNUSED_VARIABLE = YES;
				IPHONEOS_DEPLOYMENT_TARGET = 14.5;
				MTL_ENABLE_DEBUG_INFO = NO;
				MTL_FAST_MATH = YES;
				SDKROOT = iphoneos;
				SWIFT_COMPILATION_MODE = wholemodule;
				SWIFT_OPTIMIZATION_LEVEL = "-O";
				VALIDATE_PRODUCT = YES;
			};
			name = Release;
		};
		D13461D526D820C100BED9D4 /* Debug */ = {
			isa = XCBuildConfiguration;
			baseConfigurationReference = 5600FE275FFE4488E3B1E57B /* Pods-test.debug.xcconfig */;
			buildSettings = {
				ASSETCATALOG_COMPILER_APPICON_NAME = AppIcon;
				ASSETCATALOG_COMPILER_GLOBAL_ACCENT_COLOR_NAME = AccentColor;
				CODE_SIGN_STYLE = Automatic;
				DEVELOPMENT_TEAM = 6W997NU935;
				INFOPLIST_FILE = test/Info.plist;
				LD_RUNPATH_SEARCH_PATHS = (
					"$(inherited)",
					"@executable_path/Frameworks",
				);
				PRODUCT_BUNDLE_IDENTIFIER = LianaChuprina.test;
				PRODUCT_NAME = "$(TARGET_NAME)";
				SWIFT_VERSION = 5.0;
				TARGETED_DEVICE_FAMILY = "1,2";
			};
			name = Debug;
		};
		D13461D626D820C100BED9D4 /* Release */ = {
			isa = XCBuildConfiguration;
			baseConfigurationReference = 9FE87575BD41C7D21897DD91 /* Pods-test.release.xcconfig */;
			buildSettings = {
				ASSETCATALOG_COMPILER_APPICON_NAME = AppIcon;
				ASSETCATALOG_COMPILER_GLOBAL_ACCENT_COLOR_NAME = AccentColor;
				CODE_SIGN_STYLE = Automatic;
				DEVELOPMENT_TEAM = 6W997NU935;
				INFOPLIST_FILE = test/Info.plist;
				LD_RUNPATH_SEARCH_PATHS = (
					"$(inherited)",
					"@executable_path/Frameworks",
				);
				PRODUCT_BUNDLE_IDENTIFIER = LianaChuprina.test;
				PRODUCT_NAME = "$(TARGET_NAME)";
				SWIFT_VERSION = 5.0;
				TARGETED_DEVICE_FAMILY = "1,2";
			};
			name = Release;
		};
/* End XCBuildConfiguration section */

/* Begin XCConfigurationList section */
		D13461B826D820BC00BED9D4 /* Build configuration list for PBXProject "test" */ = {
			isa = XCConfigurationList;
			buildConfigurations = (
				D13461D226D820C100BED9D4 /* Debug */,
				D13461D326D820C100BED9D4 /* Release */,
			);
			defaultConfigurationIsVisible = 0;
			defaultConfigurationName = Release;
		};
		D13461D426D820C100BED9D4 /* Build configuration list for PBXNativeTarget "test" */ = {
			isa = XCConfigurationList;
			buildConfigurations = (
				D13461D526D820C100BED9D4 /* Debug */,
				D13461D626D820C100BED9D4 /* Release */,
			);
			defaultConfigurationIsVisible = 0;
			defaultConfigurationName = Release;
		};
/* End XCConfigurationList section */

/* Begin XCVersionGroup section */
		D13461C926D820BC00BED9D4 /* test.xcdatamodeld */ = {
			isa = XCVersionGroup;
			children = (
				D13461CA26D820BC00BED9D4 /* test.xcdatamodel */,
			);
			currentVersion = D13461CA26D820BC00BED9D4 /* test.xcdatamodel */;
			path = test.xcdatamodeld;
			sourceTree = "<group>";
			versionGroupType = wrapper.xcdatamodel;
		};
/* End XCVersionGroup section */
	};
	rootObject = D13461B526D820BC00BED9D4 /* Project object */;
}
